
Microsoft Visual Studio Solution File, Format Version 12.00
# Visual Studio Version 16
VisualStudioVersion = 16.0.30114.105
MinimumVisualStudioVersion = 10.0.40219.1
Project("{F2A71F9B-5D33-465A-A702-920D77279786}") = "UnitTestsIntro", "UnitTestsIntro\UnitTestsIntro.fsproj", "{AE5067D8-3577-41BA-A8C1-A2B66FA01EFF}"
EndProject
Global
	GlobalSection(SolutionConfigurationPlatforms) = preSolution
		Debug|Any CPU = Debug|Any CPU
		Release|Any CPU = Release|Any CPU
	EndGlobalSection
	GlobalSection(SolutionProperties) = preSolution
		HideSolutionNode = FALSE
	EndGlobalSection
	GlobalSection(ProjectConfigurationPlatforms) = postSolution
		{AE5067D8-3577-41BA-A8C1-A2B66FA01EFF}.Debug|Any CPU.ActiveCfg = Debug|Any CPU
		{AE5067D8-3577-41BA-A8C1-A2B66FA01EFF}.Debug|Any CPU.Build.0 = Debug|Any CPU
		{AE5067D8-3577-41BA-A8C1-A2B66FA01EFF}.Release|Any CPU.ActiveCfg = Release|Any CPU
		{AE5067D8-3577-41BA-A8C1-A2B66FA01EFF}.Release|Any CPU.Build.0 = Release|Any CPU
	EndGlobalSection
EndGlobal
